// !$*UTF8*$!
{
	archiveVersion = 1;
	classes = {
	};
	objectVersion = 51;
	objects = {

/* Begin PBXBuildFile section */
		0B6E47FE2646FC6400E042B5 /* AppDelegate.swift in Sources */ = {isa = PBXBuildFile; fileRef = 0B6E47FD2646FC6400E042B5 /* AppDelegate.swift */; };
		0B6E48022646FC6400E042B5 /* ViewController.swift in Sources */ = {isa = PBXBuildFile; fileRef = 0B6E48012646FC6400E042B5 /* ViewController.swift */; };
		0B6E48052646FC6400E042B5 /* Main.storyboard in Resources */ = {isa = PBXBuildFile; fileRef = 0B6E48032646FC6400E042B5 /* Main.storyboard */; };
		0B6E48072646FC6500E042B5 /* Assets.xcassets in Resources */ = {isa = PBXBuildFile; fileRef = 0B6E48062646FC6500E042B5 /* Assets.xcassets */; };
		0B6E480A2646FC6500E042B5 /* LaunchScreen.storyboard in Resources */ = {isa = PBXBuildFile; fileRef = 0B6E48082646FC6500E042B5 /* LaunchScreen.storyboard */; };
		0B86666C2647166E008E4B3E /* Authentication.swift in Sources */ = {isa = PBXBuildFile; fileRef = 0B86666B2647166E008E4B3E /* Authentication.swift */; };
		0B8666702647167C008E4B3E /* AppSettings.swift in Sources */ = {isa = PBXBuildFile; fileRef = 0B86666F2647167C008E4B3E /* AppSettings.swift */; };
		0B866673264717CD008E4B3E /* ServicesManager.swift in Sources */ = {isa = PBXBuildFile; fileRef = 0B866672264717CD008E4B3E /* ServicesManager.swift */; };
		0B86667B264718F9008E4B3E /* Response.swift in Sources */ = {isa = PBXBuildFile; fileRef = 0B86667A264718F9008E4B3E /* Response.swift */; };
		0B86667E2647197F008E4B3E /* CountriesServices.swift in Sources */ = {isa = PBXBuildFile; fileRef = 0B86667D2647197F008E4B3E /* CountriesServices.swift */; };
		0B86668326471A12008E4B3E /* Country.swift in Sources */ = {isa = PBXBuildFile; fileRef = 0B86668226471A12008E4B3E /* Country.swift */; };
		0B86668726471A22008E4B3E /* DetailCountry.swift in Sources */ = {isa = PBXBuildFile; fileRef = 0B86668626471A22008E4B3E /* DetailCountry.swift */; };
		0B86668A26471B82008E4B3E /* Services+Countries.swift in Sources */ = {isa = PBXBuildFile; fileRef = 0B86668926471B82008E4B3E /* Services+Countries.swift */; };
		0BD4486626473723006BDB7B /* Model+Countries.swift in Sources */ = {isa = PBXBuildFile; fileRef = 0BD4486526473723006BDB7B /* Model+Countries.swift */; };
		0BD4486A264739C3006BDB7B /* LoginInfo.swift in Sources */ = {isa = PBXBuildFile; fileRef = 0BD44869264739C3006BDB7B /* LoginInfo.swift */; };
		0BD4486D26473A33006BDB7B /* Model+Auth.swift in Sources */ = {isa = PBXBuildFile; fileRef = 0BD4486C26473A33006BDB7B /* Model+Auth.swift */; };
		0BD4487026473ADC006BDB7B /* Services+Auth.swift in Sources */ = {isa = PBXBuildFile; fileRef = 0BD4486F26473ADC006BDB7B /* Services+Auth.swift */; };
		9759C414DFBFA3FF71739DE8 /* Pods_BridgefyTechChallenge.framework in Frameworks */ = {isa = PBXBuildFile; fileRef = 06F3F78C9EF044BA3DC06B58 /* Pods_BridgefyTechChallenge.framework */; };
/* End PBXBuildFile section */

/* Begin PBXFileReference section */
		06F3F78C9EF044BA3DC06B58 /* Pods_BridgefyTechChallenge.framework */ = {isa = PBXFileReference; explicitFileType = wrapper.framework; includeInIndex = 0; path = Pods_BridgefyTechChallenge.framework; sourceTree = BUILT_PRODUCTS_DIR; };
		0B6E47FA2646FC6400E042B5 /* BridgefyTechChallenge.app */ = {isa = PBXFileReference; explicitFileType = wrapper.application; includeInIndex = 0; path = BridgefyTechChallenge.app; sourceTree = BUILT_PRODUCTS_DIR; };
		0B6E47FD2646FC6400E042B5 /* AppDelegate.swift */ = {isa = PBXFileReference; lastKnownFileType = sourcecode.swift; path = AppDelegate.swift; sourceTree = "<group>"; };
		0B6E48012646FC6400E042B5 /* ViewController.swift */ = {isa = PBXFileReference; lastKnownFileType = sourcecode.swift; path = ViewController.swift; sourceTree = "<group>"; };
		0B6E48042646FC6400E042B5 /* Base */ = {isa = PBXFileReference; lastKnownFileType = file.storyboard; name = Base; path = Base.lproj/Main.storyboard; sourceTree = "<group>"; };
		0B6E48062646FC6500E042B5 /* Assets.xcassets */ = {isa = PBXFileReference; lastKnownFileType = folder.assetcatalog; path = Assets.xcassets; sourceTree = "<group>"; };
		0B6E48092646FC6500E042B5 /* Base */ = {isa = PBXFileReference; lastKnownFileType = file.storyboard; name = Base; path = Base.lproj/LaunchScreen.storyboard; sourceTree = "<group>"; };
		0B6E480B2646FC6500E042B5 /* Info.plist */ = {isa = PBXFileReference; lastKnownFileType = text.plist.xml; path = Info.plist; sourceTree = "<group>"; };
		0B86666B2647166E008E4B3E /* Authentication.swift */ = {isa = PBXFileReference; lastKnownFileType = sourcecode.swift; path = Authentication.swift; sourceTree = "<group>"; };
		0B86666F2647167C008E4B3E /* AppSettings.swift */ = {isa = PBXFileReference; lastKnownFileType = sourcecode.swift; path = AppSettings.swift; sourceTree = "<group>"; };
		0B866672264717CD008E4B3E /* ServicesManager.swift */ = {isa = PBXFileReference; lastKnownFileType = sourcecode.swift; path = ServicesManager.swift; sourceTree = "<group>"; };
		0B86667A264718F9008E4B3E /* Response.swift */ = {isa = PBXFileReference; lastKnownFileType = sourcecode.swift; path = Response.swift; sourceTree = "<group>"; };
		0B86667D2647197F008E4B3E /* CountriesServices.swift */ = {isa = PBXFileReference; lastKnownFileType = sourcecode.swift; path = CountriesServices.swift; sourceTree = "<group>"; };
		0B86668226471A12008E4B3E /* Country.swift */ = {isa = PBXFileReference; lastKnownFileType = sourcecode.swift; path = Country.swift; sourceTree = "<group>"; };
		0B86668626471A22008E4B3E /* DetailCountry.swift */ = {isa = PBXFileReference; lastKnownFileType = sourcecode.swift; path = DetailCountry.swift; sourceTree = "<group>"; };
		0B86668926471B82008E4B3E /* Services+Countries.swift */ = {isa = PBXFileReference; lastKnownFileType = sourcecode.swift; path = "Services+Countries.swift"; sourceTree = "<group>"; };
		0BD4486526473723006BDB7B /* Model+Countries.swift */ = {isa = PBXFileReference; lastKnownFileType = sourcecode.swift; path = "Model+Countries.swift"; sourceTree = "<group>"; };
		0BD44869264739C3006BDB7B /* LoginInfo.swift */ = {isa = PBXFileReference; lastKnownFileType = sourcecode.swift; path = LoginInfo.swift; sourceTree = "<group>"; };
		0BD4486C26473A33006BDB7B /* Model+Auth.swift */ = {isa = PBXFileReference; lastKnownFileType = sourcecode.swift; path = "Model+Auth.swift"; sourceTree = "<group>"; };
		0BD4486F26473ADC006BDB7B /* Services+Auth.swift */ = {isa = PBXFileReference; lastKnownFileType = sourcecode.swift; path = "Services+Auth.swift"; sourceTree = "<group>"; };
		27501A770DD2C529941D41FF /* Pods-BridgefyTechChallenge.release.xcconfig */ = {isa = PBXFileReference; includeInIndex = 1; lastKnownFileType = text.xcconfig; name = "Pods-BridgefyTechChallenge.release.xcconfig"; path = "Target Support Files/Pods-BridgefyTechChallenge/Pods-BridgefyTechChallenge.release.xcconfig"; sourceTree = "<group>"; };
		CA43253EC09AA41689895FB0 /* Pods-BridgefyTechChallenge.debug.xcconfig */ = {isa = PBXFileReference; includeInIndex = 1; lastKnownFileType = text.xcconfig; name = "Pods-BridgefyTechChallenge.debug.xcconfig"; path = "Target Support Files/Pods-BridgefyTechChallenge/Pods-BridgefyTechChallenge.debug.xcconfig"; sourceTree = "<group>"; };
/* End PBXFileReference section */

/* Begin PBXFrameworksBuildPhase section */
		0B6E47F72646FC6400E042B5 /* Frameworks */ = {
			isa = PBXFrameworksBuildPhase;
			buildActionMask = 2147483647;
			files = (
				9759C414DFBFA3FF71739DE8 /* Pods_BridgefyTechChallenge.framework in Frameworks */,
			);
			runOnlyForDeploymentPostprocessing = 0;
		};
/* End PBXFrameworksBuildPhase section */

/* Begin PBXGroup section */
		0B6E47F12646FC6400E042B5 = {
			isa = PBXGroup;
			children = (
				0B6E47FC2646FC6400E042B5 /* BridgefyTechChallenge */,
				0B6E47FB2646FC6400E042B5 /* Products */,
				109206F818982EEE57E1DC57 /* Pods */,
				BEE567377E320449F206F4F2 /* Frameworks */,
			);
			sourceTree = "<group>";
		};
		0B6E47FB2646FC6400E042B5 /* Products */ = {
			isa = PBXGroup;
			children = (
				0B6E47FA2646FC6400E042B5 /* BridgefyTechChallenge.app */,
			);
			name = Products;
			sourceTree = "<group>";
		};
		0B6E47FC2646FC6400E042B5 /* BridgefyTechChallenge */ = {
			isa = PBXGroup;
			children = (
				0B86666A26471600008E4B3E /* Auth */,
				0B866662264712A9008E4B3E /* Views */,
				0B866663264712AE008E4B3E /* Controllers */,
				0B866661264712A3008E4B3E /* Model */,
				0B866664264712B9008E4B3E /* Utils */,
				0B866666264712D0008E4B3E /* Storyboards */,
				0B866665264712C8008E4B3E /* Resources */,
				0B6E47FD2646FC6400E042B5 /* AppDelegate.swift */,
				0B6E48012646FC6400E042B5 /* ViewController.swift */,
				0B6E48032646FC6400E042B5 /* Main.storyboard */,
				0B6E48082646FC6500E042B5 /* LaunchScreen.storyboard */,
				0B6E480B2646FC6500E042B5 /* Info.plist */,
			);
			path = BridgefyTechChallenge;
			sourceTree = "<group>";
		};
		0B866661264712A3008E4B3E /* Model */ = {
			isa = PBXGroup;
			children = (
				0BD44868264739B1006BDB7B /* Auth */,
				0B86668126471A05008E4B3E /* Countries */,
				0B866680264719FC008E4B3E /* Servicies */,
			);
			path = Model;
			sourceTree = "<group>";
		};
		0B866662264712A9008E4B3E /* Views */ = {
			isa = PBXGroup;
			children = (
			);
			path = Views;
			sourceTree = "<group>";
		};
		0B866663264712AE008E4B3E /* Controllers */ = {
			isa = PBXGroup;
			children = (
			);
			path = Controllers;
			sourceTree = "<group>";
		};
		0B866664264712B9008E4B3E /* Utils */ = {
			isa = PBXGroup;
			children = (
			);
			path = Utils;
			sourceTree = "<group>";
		};
		0B866665264712C8008E4B3E /* Resources */ = {
			isa = PBXGroup;
			children = (
				0B6E48062646FC6500E042B5 /* Assets.xcassets */,
			);
			path = Resources;
			sourceTree = "<group>";
		};
		0B866666264712D0008E4B3E /* Storyboards */ = {
			isa = PBXGroup;
			children = (
			);
			path = Storyboards;
			sourceTree = "<group>";
		};
		0B86666A26471600008E4B3E /* Auth */ = {
			isa = PBXGroup;
			children = (
				0B86666B2647166E008E4B3E /* Authentication.swift */,
				0B86666F2647167C008E4B3E /* AppSettings.swift */,
			);
			path = Auth;
			sourceTree = "<group>";
		};
		0B866680264719FC008E4B3E /* Servicies */ = {
			isa = PBXGroup;
			children = (
				0B866672264717CD008E4B3E /* ServicesManager.swift */,
				0B86667A264718F9008E4B3E /* Response.swift */,
				0B86667D2647197F008E4B3E /* CountriesServices.swift */,
			);
			path = Servicies;
			sourceTree = "<group>";
		};
		0B86668126471A05008E4B3E /* Countries */ = {
			isa = PBXGroup;
			children = (
				0B86668226471A12008E4B3E /* Country.swift */,
				0B86668626471A22008E4B3E /* DetailCountry.swift */,
				0B86668926471B82008E4B3E /* Services+Countries.swift */,
				0BD4486526473723006BDB7B /* Model+Countries.swift */,
			);
			path = Countries;
			sourceTree = "<group>";
		};
		0BD44868264739B1006BDB7B /* Auth */ = {
			isa = PBXGroup;
			children = (
				0BD44869264739C3006BDB7B /* LoginInfo.swift */,
				0BD4486C26473A33006BDB7B /* Model+Auth.swift */,
				0BD4486F26473ADC006BDB7B /* Services+Auth.swift */,
			);
			path = Auth;
			sourceTree = "<group>";
		};
		109206F818982EEE57E1DC57 /* Pods */ = {
			isa = PBXGroup;
			children = (
				CA43253EC09AA41689895FB0 /* Pods-BridgefyTechChallenge.debug.xcconfig */,
				27501A770DD2C529941D41FF /* Pods-BridgefyTechChallenge.release.xcconfig */,
			);
			path = Pods;
			sourceTree = "<group>";
		};
		BEE567377E320449F206F4F2 /* Frameworks */ = {
			isa = PBXGroup;
			children = (
				06F3F78C9EF044BA3DC06B58 /* Pods_BridgefyTechChallenge.framework */,
			);
			name = Frameworks;
			sourceTree = "<group>";
		};
/* End PBXGroup section */

/* Begin PBXNativeTarget section */
		0B6E47F92646FC6400E042B5 /* BridgefyTechChallenge */ = {
			isa = PBXNativeTarget;
			buildConfigurationList = 0B6E480E2646FC6500E042B5 /* Build configuration list for PBXNativeTarget "BridgefyTechChallenge" */;
			buildPhases = (
				FE769EC9A2C5EEAF14B88CA5 /* [CP] Check Pods Manifest.lock */,
				0B6E47F62646FC6400E042B5 /* Sources */,
				0B6E47F72646FC6400E042B5 /* Frameworks */,
				0B6E47F82646FC6400E042B5 /* Resources */,
				29B78D8F5C17BAD60A6E926A /* [CP] Embed Pods Frameworks */,
			);
			buildRules = (
			);
			dependencies = (
			);
			name = BridgefyTechChallenge;
			productName = BridgefyTechChallenge;
			productReference = 0B6E47FA2646FC6400E042B5 /* BridgefyTechChallenge.app */;
			productType = "com.apple.product-type.application";
		};
/* End PBXNativeTarget section */

/* Begin PBXProject section */
		0B6E47F22646FC6400E042B5 /* Project object */ = {
			isa = PBXProject;
			attributes = {
				LastSwiftUpdateCheck = 1240;
				LastUpgradeCheck = 1240;
				TargetAttributes = {
					0B6E47F92646FC6400E042B5 = {
						CreatedOnToolsVersion = 12.4;
					};
				};
			};
			buildConfigurationList = 0B6E47F52646FC6400E042B5 /* Build configuration list for PBXProject "BridgefyTechChallenge" */;
			compatibilityVersion = "Xcode 9.3";
			developmentRegion = en;
			hasScannedForEncodings = 0;
			knownRegions = (
				en,
				Base,
			);
			mainGroup = 0B6E47F12646FC6400E042B5;
			productRefGroup = 0B6E47FB2646FC6400E042B5 /* Products */;
			projectDirPath = "";
			projectRoot = "";
			targets = (
				0B6E47F92646FC6400E042B5 /* BridgefyTechChallenge */,
			);
		};
/* End PBXProject section */

/* Begin PBXResourcesBuildPhase section */
		0B6E47F82646FC6400E042B5 /* Resources */ = {
			isa = PBXResourcesBuildPhase;
			buildActionMask = 2147483647;
			files = (
				0B6E480A2646FC6500E042B5 /* LaunchScreen.storyboard in Resources */,
				0B6E48072646FC6500E042B5 /* Assets.xcassets in Resources */,
				0B6E48052646FC6400E042B5 /* Main.storyboard in Resources */,
			);
			runOnlyForDeploymentPostprocessing = 0;
		};
/* End PBXResourcesBuildPhase section */

/* Begin PBXShellScriptBuildPhase section */
		29B78D8F5C17BAD60A6E926A /* [CP] Embed Pods Frameworks */ = {
			isa = PBXShellScriptBuildPhase;
			buildActionMask = 2147483647;
			files = (
			);
			inputFileListPaths = (
				"${PODS_ROOT}/Target Support Files/Pods-BridgefyTechChallenge/Pods-BridgefyTechChallenge-frameworks-${CONFIGURATION}-input-files.xcfilelist",
			);
			name = "[CP] Embed Pods Frameworks";
			outputFileListPaths = (
				"${PODS_ROOT}/Target Support Files/Pods-BridgefyTechChallenge/Pods-BridgefyTechChallenge-frameworks-${CONFIGURATION}-output-files.xcfilelist",
			);
			runOnlyForDeploymentPostprocessing = 0;
			shellPath = /bin/sh;
			shellScript = "\"${PODS_ROOT}/Target Support Files/Pods-BridgefyTechChallenge/Pods-BridgefyTechChallenge-frameworks.sh\"\n";
			showEnvVarsInLog = 0;
		};
		FE769EC9A2C5EEAF14B88CA5 /* [CP] Check Pods Manifest.lock */ = {
			isa = PBXShellScriptBuildPhase;
			buildActionMask = 2147483647;
			files = (
			);
			inputFileListPaths = (
			);
			inputPaths = (
				"${PODS_PODFILE_DIR_PATH}/Podfile.lock",
				"${PODS_ROOT}/Manifest.lock",
			);
			name = "[CP] Check Pods Manifest.lock";
			outputFileListPaths = (
			);
			outputPaths = (
				"$(DERIVED_FILE_DIR)/Pods-BridgefyTechChallenge-checkManifestLockResult.txt",
			);
			runOnlyForDeploymentPostprocessing = 0;
			shellPath = /bin/sh;
			shellScript = "diff \"${PODS_PODFILE_DIR_PATH}/Podfile.lock\" \"${PODS_ROOT}/Manifest.lock\" > /dev/null\nif [ $? != 0 ] ; then\n    # print error to STDERR\n    echo \"error: The sandbox is not in sync with the Podfile.lock. Run 'pod install' or update your CocoaPods installation.\" >&2\n    exit 1\nfi\n# This output is used by Xcode 'outputs' to avoid re-running this script phase.\necho \"SUCCESS\" > \"${SCRIPT_OUTPUT_FILE_0}\"\n";
			showEnvVarsInLog = 0;
		};
/* End PBXShellScriptBuildPhase section */

/* Begin PBXSourcesBuildPhase section */
		0B6E47F62646FC6400E042B5 /* Sources */ = {
			isa = PBXSourcesBuildPhase;
			buildActionMask = 2147483647;
			files = (
				0B86667E2647197F008E4B3E /* CountriesServices.swift in Sources */,
				0BD4487026473ADC006BDB7B /* Services+Auth.swift in Sources */,
				0B6E48022646FC6400E042B5 /* ViewController.swift in Sources */,
				0B866673264717CD008E4B3E /* ServicesManager.swift in Sources */,
				0B86668726471A22008E4B3E /* DetailCountry.swift in Sources */,
				0BD4486A264739C3006BDB7B /* LoginInfo.swift in Sources */,
				0BD4486D26473A33006BDB7B /* Model+Auth.swift in Sources */,
				0BD4486626473723006BDB7B /* Model+Countries.swift in Sources */,
				0B86668A26471B82008E4B3E /* Services+Countries.swift in Sources */,
				0B6E47FE2646FC6400E042B5 /* AppDelegate.swift in Sources */,
				0B86668326471A12008E4B3E /* Country.swift in Sources */,
				0B8666702647167C008E4B3E /* AppSettings.swift in Sources */,
				0B86667B264718F9008E4B3E /* Response.swift in Sources */,
				0B86666C2647166E008E4B3E /* Authentication.swift in Sources */,
			);
			runOnlyForDeploymentPostprocessing = 0;
		};
/* End PBXSourcesBuildPhase section */

/* Begin PBXVariantGroup section */
		0B6E48032646FC6400E042B5 /* Main.storyboard */ = {
			isa = PBXVariantGroup;
			children = (
				0B6E48042646FC6400E042B5 /* Base */,
			);
			name = Main.storyboard;
			sourceTree = "<group>";
		};
		0B6E48082646FC6500E042B5 /* LaunchScreen.storyboard */ = {
			isa = PBXVariantGroup;
			children = (
				0B6E48092646FC6500E042B5 /* Base */,
			);
			name = LaunchScreen.storyboard;
			sourceTree = "<group>";
		};
/* End PBXVariantGroup section */

/* Begin XCBuildConfiguration section */
		0B6E480C2646FC6500E042B5 /* Debug */ = {
			isa = XCBuildConfiguration;
			buildSettings = {
				ALWAYS_SEARCH_USER_PATHS = NO;
				CLANG_ANALYZER_NONNULL = YES;
				CLANG_ANALYZER_NUMBER_OBJECT_CONVERSION = YES_AGGRESSIVE;
				CLANG_CXX_LANGUAGE_STANDARD = "gnu++14";
				CLANG_CXX_LIBRARY = "libc++";
				CLANG_ENABLE_MODULES = YES;
				CLANG_ENABLE_OBJC_ARC = YES;
				CLANG_ENABLE_OBJC_WEAK = YES;
				CLANG_WARN_BLOCK_CAPTURE_AUTORELEASING = YES;
				CLANG_WARN_BOOL_CONVERSION = YES;
				CLANG_WARN_COMMA = YES;
				CLANG_WARN_CONSTANT_CONVERSION = YES;
				CLANG_WARN_DEPRECATED_OBJC_IMPLEMENTATIONS = YES;
				CLANG_WARN_DIRECT_OBJC_ISA_USAGE = YES_ERROR;
				CLANG_WARN_DOCUMENTATION_COMMENTS = YES;
				CLANG_WARN_EMPTY_BODY = YES;
				CLANG_WARN_ENUM_CONVERSION = YES;
				CLANG_WARN_INFINITE_RECURSION = YES;
				CLANG_WARN_INT_CONVERSION = YES;
				CLANG_WARN_NON_LITERAL_NULL_CONVERSION = YES;
				CLANG_WARN_OBJC_IMPLICIT_RETAIN_SELF = YES;
				CLANG_WARN_OBJC_LITERAL_CONVERSION = YES;
				CLANG_WARN_OBJC_ROOT_CLASS = YES_ERROR;
				CLANG_WARN_QUOTED_INCLUDE_IN_FRAMEWORK_HEADER = YES;
				CLANG_WARN_RANGE_LOOP_ANALYSIS = YES;
				CLANG_WARN_STRICT_PROTOTYPES = YES;
				CLANG_WARN_SUSPICIOUS_MOVE = YES;
				CLANG_WARN_UNGUARDED_AVAILABILITY = YES_AGGRESSIVE;
				CLANG_WARN_UNREACHABLE_CODE = YES;
				CLANG_WARN__DUPLICATE_METHOD_MATCH = YES;
				COPY_PHASE_STRIP = NO;
				DEBUG_INFORMATION_FORMAT = dwarf;
				ENABLE_STRICT_OBJC_MSGSEND = YES;
				ENABLE_TESTABILITY = YES;
				GCC_C_LANGUAGE_STANDARD = gnu11;
				GCC_DYNAMIC_NO_PIC = NO;
				GCC_NO_COMMON_BLOCKS = YES;
				GCC_OPTIMIZATION_LEVEL = 0;
				GCC_PREPROCESSOR_DEFINITIONS = (
					"DEBUG=1",
					"$(inherited)",
				);
				GCC_WARN_64_TO_32_BIT_CONVERSION = YES;
				GCC_WARN_ABOUT_RETURN_TYPE = YES_ERROR;
				GCC_WARN_UNDECLARED_SELECTOR = YES;
				GCC_WARN_UNINITIALIZED_AUTOS = YES_AGGRESSIVE;
				GCC_WARN_UNUSED_FUNCTION = YES;
				GCC_WARN_UNUSED_VARIABLE = YES;
				IPHONEOS_DEPLOYMENT_TARGET = 11.0;
				MTL_ENABLE_DEBUG_INFO = INCLUDE_SOURCE;
				MTL_FAST_MATH = YES;
				ONLY_ACTIVE_ARCH = YES;
				SDKROOT = iphoneos;
				SWIFT_ACTIVE_COMPILATION_CONDITIONS = DEBUG;
				SWIFT_OPTIMIZATION_LEVEL = "-Onone";
			};
			name = Debug;
		};
		0B6E480D2646FC6500E042B5 /* Release */ = {
			isa = XCBuildConfiguration;
			buildSettings = {
				ALWAYS_SEARCH_USER_PATHS = NO;
				CLANG_ANALYZER_NONNULL = YES;
				CLANG_ANALYZER_NUMBER_OBJECT_CONVERSION = YES_AGGRESSIVE;
				CLANG_CXX_LANGUAGE_STANDARD = "gnu++14";
				CLANG_CXX_LIBRARY = "libc++";
				CLANG_ENABLE_MODULES = YES;
				CLANG_ENABLE_OBJC_ARC = YES;
				CLANG_ENABLE_OBJC_WEAK = YES;
				CLANG_WARN_BLOCK_CAPTURE_AUTORELEASING = YES;
				CLANG_WARN_BOOL_CONVERSION = YES;
				CLANG_WARN_COMMA = YES;
				CLANG_WARN_CONSTANT_CONVERSION = YES;
				CLANG_WARN_DEPRECATED_OBJC_IMPLEMENTATIONS = YES;
				CLANG_WARN_DIRECT_OBJC_ISA_USAGE = YES_ERROR;
				CLANG_WARN_DOCUMENTATION_COMMENTS = YES;
				CLANG_WARN_EMPTY_BODY = YES;
				CLANG_WARN_ENUM_CONVERSION = YES;
				CLANG_WARN_INFINITE_RECURSION = YES;
				CLANG_WARN_INT_CONVERSION = YES;
				CLANG_WARN_NON_LITERAL_NULL_CONVERSION = YES;
				CLANG_WARN_OBJC_IMPLICIT_RETAIN_SELF = YES;
				CLANG_WARN_OBJC_LITERAL_CONVERSION = YES;
				CLANG_WARN_OBJC_ROOT_CLASS = YES_ERROR;
				CLANG_WARN_QUOTED_INCLUDE_IN_FRAMEWORK_HEADER = YES;
				CLANG_WARN_RANGE_LOOP_ANALYSIS = YES;
				CLANG_WARN_STRICT_PROTOTYPES = YES;
				CLANG_WARN_SUSPICIOUS_MOVE = YES;
				CLANG_WARN_UNGUARDED_AVAILABILITY = YES_AGGRESSIVE;
				CLANG_WARN_UNREACHABLE_CODE = YES;
				CLANG_WARN__DUPLICATE_METHOD_MATCH = YES;
				COPY_PHASE_STRIP = NO;
				DEBUG_INFORMATION_FORMAT = "dwarf-with-dsym";
				ENABLE_NS_ASSERTIONS = NO;
				ENABLE_STRICT_OBJC_MSGSEND = YES;
				GCC_C_LANGUAGE_STANDARD = gnu11;
				GCC_NO_COMMON_BLOCKS = YES;
				GCC_WARN_64_TO_32_BIT_CONVERSION = YES;
				GCC_WARN_ABOUT_RETURN_TYPE = YES_ERROR;
				GCC_WARN_UNDECLARED_SELECTOR = YES;
				GCC_WARN_UNINITIALIZED_AUTOS = YES_AGGRESSIVE;
				GCC_WARN_UNUSED_FUNCTION = YES;
				GCC_WARN_UNUSED_VARIABLE = YES;
				IPHONEOS_DEPLOYMENT_TARGET = 11.0;
				MTL_ENABLE_DEBUG_INFO = NO;
				MTL_FAST_MATH = YES;
				SDKROOT = iphoneos;
				SWIFT_COMPILATION_MODE = wholemodule;
				SWIFT_OPTIMIZATION_LEVEL = "-O";
				VALIDATE_PRODUCT = YES;
			};
			name = Release;
		};
		0B6E480F2646FC6500E042B5 /* Debug */ = {
			isa = XCBuildConfiguration;
			baseConfigurationReference = CA43253EC09AA41689895FB0 /* Pods-BridgefyTechChallenge.debug.xcconfig */;
			buildSettings = {
				ASSETCATALOG_COMPILER_APPICON_NAME = AppIcon;
				ASSETCATALOG_COMPILER_GLOBAL_ACCENT_COLOR_NAME = AccentColor;
				CODE_SIGN_STYLE = Automatic;
				DEVELOPMENT_TEAM = 5598J43RW8;
				INFOPLIST_FILE = BridgefyTechChallenge/Info.plist;
				LD_RUNPATH_SEARCH_PATHS = (
					"$(inherited)",
					"@executable_path/Frameworks",
				);
				PRODUCT_BUNDLE_IDENTIFIER = mx.nemesis.BridgefyTechChallenge;
				PRODUCT_NAME = "$(TARGET_NAME)";
				SWIFT_VERSION = 5.0;
				TARGETED_DEVICE_FAMILY = 1;
			};
			name = Debug;
		};
		0B6E48102646FC6500E042B5 /* Release */ = {
			isa = XCBuildConfiguration;
			baseConfigurationReference = 27501A770DD2C529941D41FF /* Pods-BridgefyTechChallenge.release.xcconfig */;
			buildSettings = {
				ASSETCATALOG_COMPILER_APPICON_NAME = AppIcon;
				ASSETCATALOG_COMPILER_GLOBAL_ACCENT_COLOR_NAME = AccentColor;
				CODE_SIGN_STYLE = Automatic;
				DEVELOPMENT_TEAM = 5598J43RW8;
				INFOPLIST_FILE = BridgefyTechChallenge/Info.plist;
				LD_RUNPATH_SEARCH_PATHS = (
					"$(inherited)",
					"@executable_path/Frameworks",
				);
				PRODUCT_BUNDLE_IDENTIFIER = mx.nemesis.BridgefyTechChallenge;
				PRODUCT_NAME = "$(TARGET_NAME)";
				SWIFT_VERSION = 5.0;
				TARGETED_DEVICE_FAMILY = 1;
			};
			name = Release;
		};
/* End XCBuildConfiguration section */

/* Begin XCConfigurationList section */
		0B6E47F52646FC6400E042B5 /* Build configuration list for PBXProject "BridgefyTechChallenge" */ = {
			isa = XCConfigurationList;
			buildConfigurations = (
				0B6E480C2646FC6500E042B5 /* Debug */,
				0B6E480D2646FC6500E042B5 /* Release */,
			);
			defaultConfigurationIsVisible = 0;
			defaultConfigurationName = Release;
		};
		0B6E480E2646FC6500E042B5 /* Build configuration list for PBXNativeTarget "BridgefyTechChallenge" */ = {
			isa = XCConfigurationList;
			buildConfigurations = (
				0B6E480F2646FC6500E042B5 /* Debug */,
				0B6E48102646FC6500E042B5 /* Release */,
			);
			defaultConfigurationIsVisible = 0;
			defaultConfigurationName = Release;
		};
/* End XCConfigurationList section */
	};
	rootObject = 0B6E47F22646FC6400E042B5 /* Project object */;
}
